// !$*UTF8*$!
{
	archiveVersion = 1;
	classes = {
	};
	objectVersion = 56;
	objects = {

/* Begin PBXBuildFile section */
		1D7879C928EA63BE007F0F3B /* astronautsTests.swift in Sources */ = {isa = PBXBuildFile; fileRef = 1D7879C828EA63BE007F0F3B /* astronautsTests.swift */; };
		1D7879D328EA63BE007F0F3B /* astronautsUITests.swift in Sources */ = {isa = PBXBuildFile; fileRef = 1D7879D228EA63BE007F0F3B /* astronautsUITests.swift */; };
		1D7879D528EA63BE007F0F3B /* astronautsUITestsLaunchTests.swift in Sources */ = {isa = PBXBuildFile; fileRef = 1D7879D428EA63BE007F0F3B /* astronautsUITestsLaunchTests.swift */; };
		1D7879E328EA6410007F0F3B /* TinyConstraints in Frameworks */ = {isa = PBXBuildFile; productRef = 1D7879E228EA6410007F0F3B /* TinyConstraints */; };
		1D7879E728EA6426007F0F3B /* Launch Screen.storyboard in Resources */ = {isa = PBXBuildFile; fileRef = 1D7879E528EA6426007F0F3B /* Launch Screen.storyboard */; };
		1D7879E828EA6426007F0F3B /* AppDelegate.swift in Sources */ = {isa = PBXBuildFile; fileRef = 1D7879E628EA6426007F0F3B /* AppDelegate.swift */; };
		1D7879EA28EA643E007F0F3B /* Assets.xcassets in Resources */ = {isa = PBXBuildFile; fileRef = 1D7879E928EA643E007F0F3B /* Assets.xcassets */; };
		1D7879F128EA644A007F0F3B /* Updater.swift in Sources */ = {isa = PBXBuildFile; fileRef = 1D7879EC28EA644A007F0F3B /* Updater.swift */; };
		1D7879F228EA644A007F0F3B /* Store.swift in Sources */ = {isa = PBXBuildFile; fileRef = 1D7879ED28EA644A007F0F3B /* Store.swift */; };
		1D7879F328EA644A007F0F3B /* UseCase.swift in Sources */ = {isa = PBXBuildFile; fileRef = 1D7879EE28EA644A007F0F3B /* UseCase.swift */; };
		1D7879F428EA644A007F0F3B /* UseCaseFactory.swift in Sources */ = {isa = PBXBuildFile; fileRef = 1D7879EF28EA644A007F0F3B /* UseCaseFactory.swift */; };
		1D7879F528EA644A007F0F3B /* AstronautsDataUseCase.swift in Sources */ = {isa = PBXBuildFile; fileRef = 1D7879F028EA644A007F0F3B /* AstronautsDataUseCase.swift */; };
		1D787A0228EA6451007F0F3B /* AstronautDetailViewController.swift in Sources */ = {isa = PBXBuildFile; fileRef = 1D7879F828EA6451007F0F3B /* AstronautDetailViewController.swift */; };
		1D787A0328EA6451007F0F3B /* AstronautDetailViewModel.swift in Sources */ = {isa = PBXBuildFile; fileRef = 1D7879F928EA6451007F0F3B /* AstronautDetailViewModel.swift */; };
		1D787A0428EA6451007F0F3B /* LoadingView.swift in Sources */ = {isa = PBXBuildFile; fileRef = 1D7879FB28EA6451007F0F3B /* LoadingView.swift */; };
		1D787A0528EA6451007F0F3B /* TableHeaderView.swift in Sources */ = {isa = PBXBuildFile; fileRef = 1D7879FD28EA6451007F0F3B /* TableHeaderView.swift */; };
		1D787A0628EA6451007F0F3B /* AstronautListViewModel.swift in Sources */ = {isa = PBXBuildFile; fileRef = 1D7879FE28EA6451007F0F3B /* AstronautListViewModel.swift */; };
		1D787A0728EA6451007F0F3B /* AstronautListViewController+TableView.swift in Sources */ = {isa = PBXBuildFile; fileRef = 1D7879FF28EA6451007F0F3B /* AstronautListViewController+TableView.swift */; };
		1D787A0828EA6451007F0F3B /* AstronautListViewController.swift in Sources */ = {isa = PBXBuildFile; fileRef = 1D787A0028EA6451007F0F3B /* AstronautListViewController.swift */; };
		1D787A0928EA6451007F0F3B /* AstronautTableCellView.swift in Sources */ = {isa = PBXBuildFile; fileRef = 1D787A0128EA6451007F0F3B /* AstronautTableCellView.swift */; };
		1D787A1328EA6459007F0F3B /* RealAPIService.swift in Sources */ = {isa = PBXBuildFile; fileRef = 1D787A0C28EA6458007F0F3B /* RealAPIService.swift */; };
		1D787A1428EA6459007F0F3B /* APIService.swift in Sources */ = {isa = PBXBuildFile; fileRef = 1D787A0D28EA6458007F0F3B /* APIService.swift */; };
		1D787A1528EA6459007F0F3B /* MockAPIService.swift in Sources */ = {isa = PBXBuildFile; fileRef = 1D787A0E28EA6458007F0F3B /* MockAPIService.swift */; };
		1D787A1628EA6459007F0F3B /* AstronautList.swift in Sources */ = {isa = PBXBuildFile; fileRef = 1D787A1028EA6458007F0F3B /* AstronautList.swift */; };
		1D787A1728EA6459007F0F3B /* AstronautDetail.swift in Sources */ = {isa = PBXBuildFile; fileRef = 1D787A1128EA6458007F0F3B /* AstronautDetail.swift */; };
		1D787A1828EA6459007F0F3B /* Astronaut.swift in Sources */ = {isa = PBXBuildFile; fileRef = 1D787A1228EA6458007F0F3B /* Astronaut.swift */; };
		1D787A1C28EA645F007F0F3B /* UIImageView+Extensions.swift in Sources */ = {isa = PBXBuildFile; fileRef = 1D787A1A28EA645F007F0F3B /* UIImageView+Extensions.swift */; };
		1D787A1D28EA645F007F0F3B /* String+Extensions.swift in Sources */ = {isa = PBXBuildFile; fileRef = 1D787A1B28EA645F007F0F3B /* String+Extensions.swift */; };
		1D787A1F28EA65BF007F0F3B /* SceneDelegate.swift in Sources */ = {isa = PBXBuildFile; fileRef = 1D787A1E28EA65BF007F0F3B /* SceneDelegate.swift */; };
		1D79EBA528EB7BB4004BDAE5 /* Flight.swift in Sources */ = {isa = PBXBuildFile; fileRef = 1D79EBA428EB7BB4004BDAE5 /* Flight.swift */; };
/* End PBXBuildFile section */

/* Begin PBXContainerItemProxy section */
		1D7879C528EA63BE007F0F3B /* PBXContainerItemProxy */ = {
			isa = PBXContainerItemProxy;
			containerPortal = 1D7879A628EA63BD007F0F3B /* Project object */;
			proxyType = 1;
			remoteGlobalIDString = 1D7879AD28EA63BD007F0F3B;
			remoteInfo = astronauts;
		};
		1D7879CF28EA63BE007F0F3B /* PBXContainerItemProxy */ = {
			isa = PBXContainerItemProxy;
			containerPortal = 1D7879A628EA63BD007F0F3B /* Project object */;
			proxyType = 1;
			remoteGlobalIDString = 1D7879AD28EA63BD007F0F3B;
			remoteInfo = astronauts;
		};
/* End PBXContainerItemProxy section */

/* Begin PBXFileReference section */
		1D7879AE28EA63BD007F0F3B /* astronauts.app */ = {isa = PBXFileReference; explicitFileType = wrapper.application; includeInIndex = 0; path = astronauts.app; sourceTree = BUILT_PRODUCTS_DIR; };
		1D7879BF28EA63BE007F0F3B /* Info.plist */ = {isa = PBXFileReference; lastKnownFileType = text.plist.xml; path = Info.plist; sourceTree = "<group>"; };
		1D7879C428EA63BE007F0F3B /* astronautsTests.xctest */ = {isa = PBXFileReference; explicitFileType = wrapper.cfbundle; includeInIndex = 0; path = astronautsTests.xctest; sourceTree = BUILT_PRODUCTS_DIR; };
		1D7879C828EA63BE007F0F3B /* astronautsTests.swift */ = {isa = PBXFileReference; lastKnownFileType = sourcecode.swift; path = astronautsTests.swift; sourceTree = "<group>"; };
		1D7879CE28EA63BE007F0F3B /* astronautsUITests.xctest */ = {isa = PBXFileReference; explicitFileType = wrapper.cfbundle; includeInIndex = 0; path = astronautsUITests.xctest; sourceTree = BUILT_PRODUCTS_DIR; };
		1D7879D228EA63BE007F0F3B /* astronautsUITests.swift */ = {isa = PBXFileReference; lastKnownFileType = sourcecode.swift; path = astronautsUITests.swift; sourceTree = "<group>"; };
		1D7879D428EA63BE007F0F3B /* astronautsUITestsLaunchTests.swift */ = {isa = PBXFileReference; lastKnownFileType = sourcecode.swift; path = astronautsUITestsLaunchTests.swift; sourceTree = "<group>"; };
		1D7879E528EA6426007F0F3B /* Launch Screen.storyboard */ = {isa = PBXFileReference; fileEncoding = 4; lastKnownFileType = file.storyboard; path = "Launch Screen.storyboard"; sourceTree = "<group>"; };
		1D7879E628EA6426007F0F3B /* AppDelegate.swift */ = {isa = PBXFileReference; fileEncoding = 4; lastKnownFileType = sourcecode.swift; path = AppDelegate.swift; sourceTree = "<group>"; };
		1D7879E928EA643E007F0F3B /* Assets.xcassets */ = {isa = PBXFileReference; lastKnownFileType = folder.assetcatalog; path = Assets.xcassets; sourceTree = "<group>"; };
		1D7879EC28EA644A007F0F3B /* Updater.swift */ = {isa = PBXFileReference; fileEncoding = 4; lastKnownFileType = sourcecode.swift; path = Updater.swift; sourceTree = "<group>"; };
		1D7879ED28EA644A007F0F3B /* Store.swift */ = {isa = PBXFileReference; fileEncoding = 4; lastKnownFileType = sourcecode.swift; path = Store.swift; sourceTree = "<group>"; };
		1D7879EE28EA644A007F0F3B /* UseCase.swift */ = {isa = PBXFileReference; fileEncoding = 4; lastKnownFileType = sourcecode.swift; path = UseCase.swift; sourceTree = "<group>"; };
		1D7879EF28EA644A007F0F3B /* UseCaseFactory.swift */ = {isa = PBXFileReference; fileEncoding = 4; lastKnownFileType = sourcecode.swift; path = UseCaseFactory.swift; sourceTree = "<group>"; };
		1D7879F028EA644A007F0F3B /* AstronautsDataUseCase.swift */ = {isa = PBXFileReference; fileEncoding = 4; lastKnownFileType = sourcecode.swift; path = AstronautsDataUseCase.swift; sourceTree = "<group>"; };
		1D7879F828EA6451007F0F3B /* AstronautDetailViewController.swift */ = {isa = PBXFileReference; fileEncoding = 4; lastKnownFileType = sourcecode.swift; path = AstronautDetailViewController.swift; sourceTree = "<group>"; };
		1D7879F928EA6451007F0F3B /* AstronautDetailViewModel.swift */ = {isa = PBXFileReference; fileEncoding = 4; lastKnownFileType = sourcecode.swift; path = AstronautDetailViewModel.swift; sourceTree = "<group>"; };
		1D7879FB28EA6451007F0F3B /* LoadingView.swift */ = {isa = PBXFileReference; fileEncoding = 4; lastKnownFileType = sourcecode.swift; path = LoadingView.swift; sourceTree = "<group>"; };
		1D7879FD28EA6451007F0F3B /* TableHeaderView.swift */ = {isa = PBXFileReference; fileEncoding = 4; lastKnownFileType = sourcecode.swift; path = TableHeaderView.swift; sourceTree = "<group>"; };
		1D7879FE28EA6451007F0F3B /* AstronautListViewModel.swift */ = {isa = PBXFileReference; fileEncoding = 4; lastKnownFileType = sourcecode.swift; path = AstronautListViewModel.swift; sourceTree = "<group>"; };
		1D7879FF28EA6451007F0F3B /* AstronautListViewController+TableView.swift */ = {isa = PBXFileReference; fileEncoding = 4; lastKnownFileType = sourcecode.swift; path = "AstronautListViewController+TableView.swift"; sourceTree = "<group>"; };
		1D787A0028EA6451007F0F3B /* AstronautListViewController.swift */ = {isa = PBXFileReference; fileEncoding = 4; lastKnownFileType = sourcecode.swift; path = AstronautListViewController.swift; sourceTree = "<group>"; };
		1D787A0128EA6451007F0F3B /* AstronautTableCellView.swift */ = {isa = PBXFileReference; fileEncoding = 4; lastKnownFileType = sourcecode.swift; path = AstronautTableCellView.swift; sourceTree = "<group>"; };
		1D787A0C28EA6458007F0F3B /* RealAPIService.swift */ = {isa = PBXFileReference; fileEncoding = 4; lastKnownFileType = sourcecode.swift; path = RealAPIService.swift; sourceTree = "<group>"; };
		1D787A0D28EA6458007F0F3B /* APIService.swift */ = {isa = PBXFileReference; fileEncoding = 4; lastKnownFileType = sourcecode.swift; path = APIService.swift; sourceTree = "<group>"; };
		1D787A0E28EA6458007F0F3B /* MockAPIService.swift */ = {isa = PBXFileReference; fileEncoding = 4; lastKnownFileType = sourcecode.swift; path = MockAPIService.swift; sourceTree = "<group>"; };
		1D787A1028EA6458007F0F3B /* AstronautList.swift */ = {isa = PBXFileReference; fileEncoding = 4; lastKnownFileType = sourcecode.swift; path = AstronautList.swift; sourceTree = "<group>"; };
		1D787A1128EA6458007F0F3B /* AstronautDetail.swift */ = {isa = PBXFileReference; fileEncoding = 4; lastKnownFileType = sourcecode.swift; path = AstronautDetail.swift; sourceTree = "<group>"; };
		1D787A1228EA6458007F0F3B /* Astronaut.swift */ = {isa = PBXFileReference; fileEncoding = 4; lastKnownFileType = sourcecode.swift; path = Astronaut.swift; sourceTree = "<group>"; };
		1D787A1A28EA645F007F0F3B /* UIImageView+Extensions.swift */ = {isa = PBXFileReference; fileEncoding = 4; lastKnownFileType = sourcecode.swift; path = "UIImageView+Extensions.swift"; sourceTree = "<group>"; };
		1D787A1B28EA645F007F0F3B /* String+Extensions.swift */ = {isa = PBXFileReference; fileEncoding = 4; lastKnownFileType = sourcecode.swift; path = "String+Extensions.swift"; sourceTree = "<group>"; };
		1D787A1E28EA65BF007F0F3B /* SceneDelegate.swift */ = {isa = PBXFileReference; lastKnownFileType = sourcecode.swift; path = SceneDelegate.swift; sourceTree = "<group>"; };
		1D79EBA428EB7BB4004BDAE5 /* Flight.swift */ = {isa = PBXFileReference; lastKnownFileType = sourcecode.swift; path = Flight.swift; sourceTree = "<group>"; };
/* End PBXFileReference section */

/* Begin PBXFrameworksBuildPhase section */
		1D7879AB28EA63BD007F0F3B /* Frameworks */ = {
			isa = PBXFrameworksBuildPhase;
			buildActionMask = 2147483647;
			files = (
				1D7879E328EA6410007F0F3B /* TinyConstraints in Frameworks */,
			);
			runOnlyForDeploymentPostprocessing = 0;
		};
		1D7879C128EA63BE007F0F3B /* Frameworks */ = {
			isa = PBXFrameworksBuildPhase;
			buildActionMask = 2147483647;
			files = (
			);
			runOnlyForDeploymentPostprocessing = 0;
		};
		1D7879CB28EA63BE007F0F3B /* Frameworks */ = {
			isa = PBXFrameworksBuildPhase;
			buildActionMask = 2147483647;
			files = (
			);
			runOnlyForDeploymentPostprocessing = 0;
		};
/* End PBXFrameworksBuildPhase section */

/* Begin PBXGroup section */
		1D7879A528EA63BD007F0F3B = {
			isa = PBXGroup;
			children = (
				1D7879B028EA63BD007F0F3B /* astronauts */,
				1D7879C728EA63BE007F0F3B /* astronautsTests */,
				1D7879D128EA63BE007F0F3B /* astronautsUITests */,
				1D7879AF28EA63BD007F0F3B /* Products */,
			);
			sourceTree = "<group>";
		};
		1D7879AF28EA63BD007F0F3B /* Products */ = {
			isa = PBXGroup;
			children = (
				1D7879AE28EA63BD007F0F3B /* astronauts.app */,
				1D7879C428EA63BE007F0F3B /* astronautsTests.xctest */,
				1D7879CE28EA63BE007F0F3B /* astronautsUITests.xctest */,
			);
			name = Products;
			sourceTree = "<group>";
		};
		1D7879B028EA63BD007F0F3B /* astronauts */ = {
			isa = PBXGroup;
			children = (
				1D787A1928EA645F007F0F3B /* Utilities */,
				1D787A0A28EA6458007F0F3B /* Services */,
				1D7879F628EA6451007F0F3B /* Presentation */,
				1D7879EB28EA644A007F0F3B /* Domain */,
				1D7879E428EA6426007F0F3B /* App */,
				1D7879E928EA643E007F0F3B /* Assets.xcassets */,
				1D7879BF28EA63BE007F0F3B /* Info.plist */,
			);
			path = astronauts;
			sourceTree = "<group>";
		};
		1D7879C728EA63BE007F0F3B /* astronautsTests */ = {
			isa = PBXGroup;
			children = (
				1D7879C828EA63BE007F0F3B /* astronautsTests.swift */,
			);
			path = astronautsTests;
			sourceTree = "<group>";
		};
		1D7879D128EA63BE007F0F3B /* astronautsUITests */ = {
			isa = PBXGroup;
			children = (
				1D7879D228EA63BE007F0F3B /* astronautsUITests.swift */,
				1D7879D428EA63BE007F0F3B /* astronautsUITestsLaunchTests.swift */,
			);
			path = astronautsUITests;
			sourceTree = "<group>";
		};
		1D7879E428EA6426007F0F3B /* App */ = {
			isa = PBXGroup;
			children = (
				1D7879E528EA6426007F0F3B /* Launch Screen.storyboard */,
				1D7879E628EA6426007F0F3B /* AppDelegate.swift */,
				1D787A1E28EA65BF007F0F3B /* SceneDelegate.swift */,
			);
			path = App;
			sourceTree = "<group>";
		};
		1D7879EB28EA644A007F0F3B /* Domain */ = {
			isa = PBXGroup;
			children = (
				1D7879EC28EA644A007F0F3B /* Updater.swift */,
				1D7879ED28EA644A007F0F3B /* Store.swift */,
				1D7879EE28EA644A007F0F3B /* UseCase.swift */,
				1D7879EF28EA644A007F0F3B /* UseCaseFactory.swift */,
				1D7879F028EA644A007F0F3B /* AstronautsDataUseCase.swift */,
			);
			path = Domain;
			sourceTree = "<group>";
		};
		1D7879F628EA6451007F0F3B /* Presentation */ = {
			isa = PBXGroup;
			children = (
				1D7879F728EA6451007F0F3B /* AstronautDetail */,
				1D7879FA28EA6451007F0F3B /* Components */,
				1D7879FC28EA6451007F0F3B /* AstronautList */,
			);
			path = Presentation;
			sourceTree = "<group>";
		};
		1D7879F728EA6451007F0F3B /* AstronautDetail */ = {
			isa = PBXGroup;
			children = (
				1D7879F828EA6451007F0F3B /* AstronautDetailViewController.swift */,
				1D7879F928EA6451007F0F3B /* AstronautDetailViewModel.swift */,
			);
			path = AstronautDetail;
			sourceTree = "<group>";
		};
		1D7879FA28EA6451007F0F3B /* Components */ = {
			isa = PBXGroup;
			children = (
				1D7879FB28EA6451007F0F3B /* LoadingView.swift */,
			);
			path = Components;
			sourceTree = "<group>";
		};
		1D7879FC28EA6451007F0F3B /* AstronautList */ = {
			isa = PBXGroup;
			children = (
				1D7879FD28EA6451007F0F3B /* TableHeaderView.swift */,
				1D7879FE28EA6451007F0F3B /* AstronautListViewModel.swift */,
				1D7879FF28EA6451007F0F3B /* AstronautListViewController+TableView.swift */,
				1D787A0028EA6451007F0F3B /* AstronautListViewController.swift */,
				1D787A0128EA6451007F0F3B /* AstronautTableCellView.swift */,
			);
			path = AstronautList;
			sourceTree = "<group>";
		};
		1D787A0A28EA6458007F0F3B /* Services */ = {
			isa = PBXGroup;
			children = (
				1D787A0B28EA6458007F0F3B /* APIService */,
			);
			path = Services;
			sourceTree = "<group>";
		};
		1D787A0B28EA6458007F0F3B /* APIService */ = {
			isa = PBXGroup;
			children = (
				1D787A0C28EA6458007F0F3B /* RealAPIService.swift */,
				1D787A0D28EA6458007F0F3B /* APIService.swift */,
				1D787A0E28EA6458007F0F3B /* MockAPIService.swift */,
				1D787A0F28EA6458007F0F3B /* Model */,
			);
			path = APIService;
			sourceTree = "<group>";
		};
		1D787A0F28EA6458007F0F3B /* Model */ = {
			isa = PBXGroup;
			children = (
				1D787A1028EA6458007F0F3B /* AstronautList.swift */,
				1D787A1128EA6458007F0F3B /* AstronautDetail.swift */,
				1D787A1228EA6458007F0F3B /* Astronaut.swift */,
				1D79EBA428EB7BB4004BDAE5 /* Flight.swift */,
			);
			path = Model;
			sourceTree = "<group>";
		};
		1D787A1928EA645F007F0F3B /* Utilities */ = {
			isa = PBXGroup;
			children = (
				1D787A1A28EA645F007F0F3B /* UIImageView+Extensions.swift */,
				1D787A1B28EA645F007F0F3B /* String+Extensions.swift */,
			);
			path = Utilities;
			sourceTree = "<group>";
		};
/* End PBXGroup section */

/* Begin PBXNativeTarget section */
		1D7879AD28EA63BD007F0F3B /* astronauts */ = {
			isa = PBXNativeTarget;
			buildConfigurationList = 1D7879D828EA63BE007F0F3B /* Build configuration list for PBXNativeTarget "astronauts" */;
			buildPhases = (
				1D7879AA28EA63BD007F0F3B /* Sources */,
				1D7879AB28EA63BD007F0F3B /* Frameworks */,
				1D7879AC28EA63BD007F0F3B /* Resources */,
			);
			buildRules = (
			);
			dependencies = (
			);
			name = astronauts;
			packageProductDependencies = (
				1D7879E228EA6410007F0F3B /* TinyConstraints */,
			);
			productName = astronauts;
			productReference = 1D7879AE28EA63BD007F0F3B /* astronauts.app */;
			productType = "com.apple.product-type.application";
		};
		1D7879C328EA63BE007F0F3B /* astronautsTests */ = {
			isa = PBXNativeTarget;
			buildConfigurationList = 1D7879DB28EA63BE007F0F3B /* Build configuration list for PBXNativeTarget "astronautsTests" */;
			buildPhases = (
				1D7879C028EA63BE007F0F3B /* Sources */,
				1D7879C128EA63BE007F0F3B /* Frameworks */,
				1D7879C228EA63BE007F0F3B /* Resources */,
			);
			buildRules = (
			);
			dependencies = (
				1D7879C628EA63BE007F0F3B /* PBXTargetDependency */,
			);
			name = astronautsTests;
			productName = astronautsTests;
			productReference = 1D7879C428EA63BE007F0F3B /* astronautsTests.xctest */;
			productType = "com.apple.product-type.bundle.unit-test";
		};
		1D7879CD28EA63BE007F0F3B /* astronautsUITests */ = {
			isa = PBXNativeTarget;
			buildConfigurationList = 1D7879DE28EA63BE007F0F3B /* Build configuration list for PBXNativeTarget "astronautsUITests" */;
			buildPhases = (
				1D7879CA28EA63BE007F0F3B /* Sources */,
				1D7879CB28EA63BE007F0F3B /* Frameworks */,
				1D7879CC28EA63BE007F0F3B /* Resources */,
			);
			buildRules = (
			);
			dependencies = (
				1D7879D028EA63BE007F0F3B /* PBXTargetDependency */,
			);
			name = astronautsUITests;
			productName = astronautsUITests;
			productReference = 1D7879CE28EA63BE007F0F3B /* astronautsUITests.xctest */;
			productType = "com.apple.product-type.bundle.ui-testing";
		};
/* End PBXNativeTarget section */

/* Begin PBXProject section */
		1D7879A628EA63BD007F0F3B /* Project object */ = {
			isa = PBXProject;
			attributes = {
				BuildIndependentTargetsInParallel = 1;
				LastSwiftUpdateCheck = 1400;
				LastUpgradeCheck = 1400;
				TargetAttributes = {
					1D7879AD28EA63BD007F0F3B = {
						CreatedOnToolsVersion = 14.0;
					};
					1D7879C328EA63BE007F0F3B = {
						CreatedOnToolsVersion = 14.0;
						TestTargetID = 1D7879AD28EA63BD007F0F3B;
					};
					1D7879CD28EA63BE007F0F3B = {
						CreatedOnToolsVersion = 14.0;
						TestTargetID = 1D7879AD28EA63BD007F0F3B;
					};
				};
			};
			buildConfigurationList = 1D7879A928EA63BD007F0F3B /* Build configuration list for PBXProject "astronauts" */;
			compatibilityVersion = "Xcode 14.0";
			developmentRegion = en;
			hasScannedForEncodings = 0;
			knownRegions = (
				en,
				Base,
			);
			mainGroup = 1D7879A528EA63BD007F0F3B;
			packageReferences = (
				1D7879E128EA6410007F0F3B /* XCRemoteSwiftPackageReference "TinyConstraints" */,
			);
			productRefGroup = 1D7879AF28EA63BD007F0F3B /* Products */;
			projectDirPath = "";
			projectRoot = "";
			targets = (
				1D7879AD28EA63BD007F0F3B /* astronauts */,
				1D7879C328EA63BE007F0F3B /* astronautsTests */,
				1D7879CD28EA63BE007F0F3B /* astronautsUITests */,
			);
		};
/* End PBXProject section */

/* Begin PBXResourcesBuildPhase section */
		1D7879AC28EA63BD007F0F3B /* Resources */ = {
			isa = PBXResourcesBuildPhase;
			buildActionMask = 2147483647;
			files = (
				1D7879EA28EA643E007F0F3B /* Assets.xcassets in Resources */,
				1D7879E728EA6426007F0F3B /* Launch Screen.storyboard in Resources */,
			);
			runOnlyForDeploymentPostprocessing = 0;
		};
		1D7879C228EA63BE007F0F3B /* Resources */ = {
			isa = PBXResourcesBuildPhase;
			buildActionMask = 2147483647;
			files = (
			);
			runOnlyForDeploymentPostprocessing = 0;
		};
		1D7879CC28EA63BE007F0F3B /* Resources */ = {
			isa = PBXResourcesBuildPhase;
			buildActionMask = 2147483647;
			files = (
			);
			runOnlyForDeploymentPostprocessing = 0;
		};
/* End PBXResourcesBuildPhase section */

/* Begin PBXSourcesBuildPhase section */
		1D7879AA28EA63BD007F0F3B /* Sources */ = {
			isa = PBXSourcesBuildPhase;
			buildActionMask = 2147483647;
			files = (
				1D787A1728EA6459007F0F3B /* AstronautDetail.swift in Sources */,
				1D787A0528EA6451007F0F3B /* TableHeaderView.swift in Sources */,
				1D787A1628EA6459007F0F3B /* AstronautList.swift in Sources */,
				1D787A1328EA6459007F0F3B /* RealAPIService.swift in Sources */,
				1D787A0728EA6451007F0F3B /* AstronautListViewController+TableView.swift in Sources */,
				1D7879F228EA644A007F0F3B /* Store.swift in Sources */,
				1D787A1F28EA65BF007F0F3B /* SceneDelegate.swift in Sources */,
				1D787A0928EA6451007F0F3B /* AstronautTableCellView.swift in Sources */,
				1D787A1828EA6459007F0F3B /* Astronaut.swift in Sources */,
				1D787A0828EA6451007F0F3B /* AstronautListViewController.swift in Sources */,
				1D787A1428EA6459007F0F3B /* APIService.swift in Sources */,
				1D787A0328EA6451007F0F3B /* AstronautDetailViewModel.swift in Sources */,
				1D7879F328EA644A007F0F3B /* UseCase.swift in Sources */,
				1D787A1D28EA645F007F0F3B /* String+Extensions.swift in Sources */,
				1D787A1528EA6459007F0F3B /* MockAPIService.swift in Sources */,
				1D7879E828EA6426007F0F3B /* AppDelegate.swift in Sources */,
				1D7879F528EA644A007F0F3B /* AstronautsDataUseCase.swift in Sources */,
				1D787A1C28EA645F007F0F3B /* UIImageView+Extensions.swift in Sources */,
				1D7879F428EA644A007F0F3B /* UseCaseFactory.swift in Sources */,
				1D787A0228EA6451007F0F3B /* AstronautDetailViewController.swift in Sources */,
				1D787A0628EA6451007F0F3B /* AstronautListViewModel.swift in Sources */,
				1D79EBA528EB7BB4004BDAE5 /* Flight.swift in Sources */,
				1D7879F128EA644A007F0F3B /* Updater.swift in Sources */,
				1D787A0428EA6451007F0F3B /* LoadingView.swift in Sources */,
			);
			runOnlyForDeploymentPostprocessing = 0;
		};
		1D7879C028EA63BE007F0F3B /* Sources */ = {
			isa = PBXSourcesBuildPhase;
			buildActionMask = 2147483647;
			files = (
				1D7879C928EA63BE007F0F3B /* astronautsTests.swift in Sources */,
			);
			runOnlyForDeploymentPostprocessing = 0;
		};
		1D7879CA28EA63BE007F0F3B /* Sources */ = {
			isa = PBXSourcesBuildPhase;
			buildActionMask = 2147483647;
			files = (
				1D7879D528EA63BE007F0F3B /* astronautsUITestsLaunchTests.swift in Sources */,
				1D7879D328EA63BE007F0F3B /* astronautsUITests.swift in Sources */,
			);
			runOnlyForDeploymentPostprocessing = 0;
		};
/* End PBXSourcesBuildPhase section */

/* Begin PBXTargetDependency section */
		1D7879C628EA63BE007F0F3B /* PBXTargetDependency */ = {
			isa = PBXTargetDependency;
			target = 1D7879AD28EA63BD007F0F3B /* astronauts */;
			targetProxy = 1D7879C528EA63BE007F0F3B /* PBXContainerItemProxy */;
		};
		1D7879D028EA63BE007F0F3B /* PBXTargetDependency */ = {
			isa = PBXTargetDependency;
			target = 1D7879AD28EA63BD007F0F3B /* astronauts */;
			targetProxy = 1D7879CF28EA63BE007F0F3B /* PBXContainerItemProxy */;
		};
/* End PBXTargetDependency section */

/* Begin XCBuildConfiguration section */
		1D7879D628EA63BE007F0F3B /* Debug */ = {
			isa = XCBuildConfiguration;
			buildSettings = {
				ALWAYS_SEARCH_USER_PATHS = NO;
				CLANG_ANALYZER_NONNULL = YES;
				CLANG_ANALYZER_NUMBER_OBJECT_CONVERSION = YES_AGGRESSIVE;
				CLANG_CXX_LANGUAGE_STANDARD = "gnu++20";
				CLANG_ENABLE_MODULES = YES;
				CLANG_ENABLE_OBJC_ARC = YES;
				CLANG_ENABLE_OBJC_WEAK = YES;
				CLANG_WARN_BLOCK_CAPTURE_AUTORELEASING = YES;
				CLANG_WARN_BOOL_CONVERSION = YES;
				CLANG_WARN_COMMA = YES;
				CLANG_WARN_CONSTANT_CONVERSION = YES;
				CLANG_WARN_DEPRECATED_OBJC_IMPLEMENTATIONS = YES;
				CLANG_WARN_DIRECT_OBJC_ISA_USAGE = YES_ERROR;
				CLANG_WARN_DOCUMENTATION_COMMENTS = YES;
				CLANG_WARN_EMPTY_BODY = YES;
				CLANG_WARN_ENUM_CONVERSION = YES;
				CLANG_WARN_INFINITE_RECURSION = YES;
				CLANG_WARN_INT_CONVERSION = YES;
				CLANG_WARN_NON_LITERAL_NULL_CONVERSION = YES;
				CLANG_WARN_OBJC_IMPLICIT_RETAIN_SELF = YES;
				CLANG_WARN_OBJC_LITERAL_CONVERSION = YES;
				CLANG_WARN_OBJC_ROOT_CLASS = YES_ERROR;
				CLANG_WARN_QUOTED_INCLUDE_IN_FRAMEWORK_HEADER = YES;
				CLANG_WARN_RANGE_LOOP_ANALYSIS = YES;
				CLANG_WARN_STRICT_PROTOTYPES = YES;
				CLANG_WARN_SUSPICIOUS_MOVE = YES;
				CLANG_WARN_UNGUARDED_AVAILABILITY = YES_AGGRESSIVE;
				CLANG_WARN_UNREACHABLE_CODE = YES;
				CLANG_WARN__DUPLICATE_METHOD_MATCH = YES;
				COPY_PHASE_STRIP = NO;
				DEBUG_INFORMATION_FORMAT = dwarf;
				ENABLE_STRICT_OBJC_MSGSEND = YES;
				ENABLE_TESTABILITY = YES;
				GCC_C_LANGUAGE_STANDARD = gnu11;
				GCC_DYNAMIC_NO_PIC = NO;
				GCC_NO_COMMON_BLOCKS = YES;
				GCC_OPTIMIZATION_LEVEL = 0;
				GCC_PREPROCESSOR_DEFINITIONS = (
					"DEBUG=1",
					"$(inherited)",
				);
				GCC_WARN_64_TO_32_BIT_CONVERSION = YES;
				GCC_WARN_ABOUT_RETURN_TYPE = YES_ERROR;
				GCC_WARN_UNDECLARED_SELECTOR = YES;
				GCC_WARN_UNINITIALIZED_AUTOS = YES_AGGRESSIVE;
				GCC_WARN_UNUSED_FUNCTION = YES;
				GCC_WARN_UNUSED_VARIABLE = YES;
				IPHONEOS_DEPLOYMENT_TARGET = 12.4;
				MTL_ENABLE_DEBUG_INFO = INCLUDE_SOURCE;
				MTL_FAST_MATH = YES;
				ONLY_ACTIVE_ARCH = YES;
				SDKROOT = iphoneos;
				SWIFT_ACTIVE_COMPILATION_CONDITIONS = DEBUG;
				SWIFT_OPTIMIZATION_LEVEL = "-Onone";
			};
			name = Debug;
		};
		1D7879D728EA63BE007F0F3B /* Release */ = {
			isa = XCBuildConfiguration;
			buildSettings = {
				ALWAYS_SEARCH_USER_PATHS = NO;
				CLANG_ANALYZER_NONNULL = YES;
				CLANG_ANALYZER_NUMBER_OBJECT_CONVERSION = YES_AGGRESSIVE;
				CLANG_CXX_LANGUAGE_STANDARD = "gnu++20";
				CLANG_ENABLE_MODULES = YES;
				CLANG_ENABLE_OBJC_ARC = YES;
				CLANG_ENABLE_OBJC_WEAK = YES;
				CLANG_WARN_BLOCK_CAPTURE_AUTORELEASING = YES;
				CLANG_WARN_BOOL_CONVERSION = YES;
				CLANG_WARN_COMMA = YES;
				CLANG_WARN_CONSTANT_CONVERSION = YES;
				CLANG_WARN_DEPRECATED_OBJC_IMPLEMENTATIONS = YES;
				CLANG_WARN_DIRECT_OBJC_ISA_USAGE = YES_ERROR;
				CLANG_WARN_DOCUMENTATION_COMMENTS = YES;
				CLANG_WARN_EMPTY_BODY = YES;
				CLANG_WARN_ENUM_CONVERSION = YES;
				CLANG_WARN_INFINITE_RECURSION = YES;
				CLANG_WARN_INT_CONVERSION = YES;
				CLANG_WARN_NON_LITERAL_NULL_CONVERSION = YES;
				CLANG_WARN_OBJC_IMPLICIT_RETAIN_SELF = YES;
				CLANG_WARN_OBJC_LITERAL_CONVERSION = YES;
				CLANG_WARN_OBJC_ROOT_CLASS = YES_ERROR;
				CLANG_WARN_QUOTED_INCLUDE_IN_FRAMEWORK_HEADER = YES;
				CLANG_WARN_RANGE_LOOP_ANALYSIS = YES;
				CLANG_WARN_STRICT_PROTOTYPES = YES;
				CLANG_WARN_SUSPICIOUS_MOVE = YES;
				CLANG_WARN_UNGUARDED_AVAILABILITY = YES_AGGRESSIVE;
				CLANG_WARN_UNREACHABLE_CODE = YES;
				CLANG_WARN__DUPLICATE_METHOD_MATCH = YES;
				COPY_PHASE_STRIP = NO;
				DEBUG_INFORMATION_FORMAT = "dwarf-with-dsym";
				ENABLE_NS_ASSERTIONS = NO;
				ENABLE_STRICT_OBJC_MSGSEND = YES;
				GCC_C_LANGUAGE_STANDARD = gnu11;
				GCC_NO_COMMON_BLOCKS = YES;
				GCC_WARN_64_TO_32_BIT_CONVERSION = YES;
				GCC_WARN_ABOUT_RETURN_TYPE = YES_ERROR;
				GCC_WARN_UNDECLARED_SELECTOR = YES;
				GCC_WARN_UNINITIALIZED_AUTOS = YES_AGGRESSIVE;
				GCC_WARN_UNUSED_FUNCTION = YES;
				GCC_WARN_UNUSED_VARIABLE = YES;
				IPHONEOS_DEPLOYMENT_TARGET = 12.4;
				MTL_ENABLE_DEBUG_INFO = NO;
				MTL_FAST_MATH = YES;
				SDKROOT = iphoneos;
				SWIFT_COMPILATION_MODE = wholemodule;
				SWIFT_OPTIMIZATION_LEVEL = "-O";
				VALIDATE_PRODUCT = YES;
			};
			name = Release;
		};
		1D7879D928EA63BE007F0F3B /* Debug */ = {
			isa = XCBuildConfiguration;
			buildSettings = {
				ASSETCATALOG_COMPILER_APPICON_NAME = AppIcon;
				ASSETCATALOG_COMPILER_GLOBAL_ACCENT_COLOR_NAME = AccentColor;
				CODE_SIGN_STYLE = Automatic;
				CURRENT_PROJECT_VERSION = 1;
				DEVELOPMENT_TEAM = U9E7JWZWR9;
				GENERATE_INFOPLIST_FILE = YES;
				INFOPLIST_FILE = astronauts/Info.plist;
				INFOPLIST_KEY_UIApplicationSupportsIndirectInputEvents = YES;
				INFOPLIST_KEY_UILaunchStoryboardName = "Launch Screen.storyboard";
				INFOPLIST_KEY_UISupportedInterfaceOrientations_iPad = "UIInterfaceOrientationPortrait UIInterfaceOrientationPortraitUpsideDown UIInterfaceOrientationLandscapeLeft UIInterfaceOrientationLandscapeRight";
				INFOPLIST_KEY_UISupportedInterfaceOrientations_iPhone = "UIInterfaceOrientationPortrait UIInterfaceOrientationLandscapeLeft UIInterfaceOrientationLandscapeRight";
				IPHONEOS_DEPLOYMENT_TARGET = 12.4;
				LD_RUNPATH_SEARCH_PATHS = (
					"$(inherited)",
					"@executable_path/Frameworks",
				);
				MARKETING_VERSION = 1.0;
				PRODUCT_BUNDLE_IDENTIFIER = "Peter-suwara.astronauts";
				PRODUCT_NAME = "$(TARGET_NAME)";
				SUPPORTED_PLATFORMS = "iphoneos iphonesimulator";
				SUPPORTS_MACCATALYST = NO;
				SUPPORTS_MAC_DESIGNED_FOR_IPHONE_IPAD = NO;
				SWIFT_EMIT_LOC_STRINGS = YES;
				SWIFT_VERSION = 5.0;
				TARGETED_DEVICE_FAMILY = 1;
			};
			name = Debug;
		};
		1D7879DA28EA63BE007F0F3B /* Release */ = {
			isa = XCBuildConfiguration;
			buildSettings = {
				ASSETCATALOG_COMPILER_APPICON_NAME = AppIcon;
				ASSETCATALOG_COMPILER_GLOBAL_ACCENT_COLOR_NAME = AccentColor;
				CODE_SIGN_STYLE = Automatic;
				CURRENT_PROJECT_VERSION = 1;
				DEVELOPMENT_TEAM = U9E7JWZWR9;
				GENERATE_INFOPLIST_FILE = YES;
				INFOPLIST_FILE = astronauts/Info.plist;
				INFOPLIST_KEY_UIApplicationSupportsIndirectInputEvents = YES;
				INFOPLIST_KEY_UILaunchStoryboardName = "Launch Screen.storyboard";
				INFOPLIST_KEY_UISupportedInterfaceOrientations_iPad = "UIInterfaceOrientationPortrait UIInterfaceOrientationPortraitUpsideDown UIInterfaceOrientationLandscapeLeft UIInterfaceOrientationLandscapeRight";
				INFOPLIST_KEY_UISupportedInterfaceOrientations_iPhone = "UIInterfaceOrientationPortrait UIInterfaceOrientationLandscapeLeft UIInterfaceOrientationLandscapeRight";
				IPHONEOS_DEPLOYMENT_TARGET = 12.4;
				LD_RUNPATH_SEARCH_PATHS = (
					"$(inherited)",
					"@executable_path/Frameworks",
				);
				MARKETING_VERSION = 1.0;
				PRODUCT_BUNDLE_IDENTIFIER = "Peter-suwara.astronauts";
				PRODUCT_NAME = "$(TARGET_NAME)";
				SUPPORTED_PLATFORMS = "iphoneos iphonesimulator";
				SUPPORTS_MACCATALYST = NO;
				SUPPORTS_MAC_DESIGNED_FOR_IPHONE_IPAD = NO;
				SWIFT_EMIT_LOC_STRINGS = YES;
				SWIFT_VERSION = 5.0;
				TARGETED_DEVICE_FAMILY = 1;
			};
			name = Release;
		};
		1D7879DC28EA63BE007F0F3B /* Debug */ = {
			isa = XCBuildConfiguration;
			buildSettings = {
				ALWAYS_EMBED_SWIFT_STANDARD_LIBRARIES = YES;
				BUNDLE_LOADER = "$(TEST_HOST)";
				CODE_SIGN_STYLE = Automatic;
				CURRENT_PROJECT_VERSION = 1;
				DEVELOPMENT_TEAM = U9E7JWZWR9;
				GENERATE_INFOPLIST_FILE = YES;
				IPHONEOS_DEPLOYMENT_TARGET = 16.0;
				MARKETING_VERSION = 1.0;
				PRODUCT_BUNDLE_IDENTIFIER = "Peter-suwara.astronautsTests";
				PRODUCT_NAME = "$(TARGET_NAME)";
				SWIFT_EMIT_LOC_STRINGS = NO;
				SWIFT_VERSION = 5.0;
				TARGETED_DEVICE_FAMILY = "1,2";
				TEST_HOST = "$(BUILT_PRODUCTS_DIR)/astronauts.app/$(BUNDLE_EXECUTABLE_FOLDER_PATH)/astronauts";
			};
			name = Debug;
		};
		1D7879DD28EA63BE007F0F3B /* Release */ = {
			isa = XCBuildConfiguration;
			buildSettings = {
				ALWAYS_EMBED_SWIFT_STANDARD_LIBRARIES = YES;
				BUNDLE_LOADER = "$(TEST_HOST)";
				CODE_SIGN_STYLE = Automatic;
				CURRENT_PROJECT_VERSION = 1;
				DEVELOPMENT_TEAM = U9E7JWZWR9;
				GENERATE_INFOPLIST_FILE = YES;
				IPHONEOS_DEPLOYMENT_TARGET = 16.0;
				MARKETING_VERSION = 1.0;
				PRODUCT_BUNDLE_IDENTIFIER = "Peter-suwara.astronautsTests";
				PRODUCT_NAME = "$(TARGET_NAME)";
				SWIFT_EMIT_LOC_STRINGS = NO;
				SWIFT_VERSION = 5.0;
				TARGETED_DEVICE_FAMILY = "1,2";
				TEST_HOST = "$(BUILT_PRODUCTS_DIR)/astronauts.app/$(BUNDLE_EXECUTABLE_FOLDER_PATH)/astronauts";
			};
			name = Release;
		};
		1D7879DF28EA63BE007F0F3B /* Debug */ = {
			isa = XCBuildConfiguration;
			buildSettings = {
				ALWAYS_EMBED_SWIFT_STANDARD_LIBRARIES = YES;
				CODE_SIGN_STYLE = Automatic;
				CURRENT_PROJECT_VERSION = 1;
				DEVELOPMENT_TEAM = U9E7JWZWR9;
				GENERATE_INFOPLIST_FILE = YES;
				MARKETING_VERSION = 1.0;
				PRODUCT_BUNDLE_IDENTIFIER = "Peter-suwara.astronautsUITests";
				PRODUCT_NAME = "$(TARGET_NAME)";
				SWIFT_EMIT_LOC_STRINGS = NO;
				SWIFT_VERSION = 5.0;
				TARGETED_DEVICE_FAMILY = "1,2";
				TEST_TARGET_NAME = astronauts;
			};
			name = Debug;
		};
		1D7879E028EA63BE007F0F3B /* Release */ = {
			isa = XCBuildConfiguration;
			buildSettings = {
				ALWAYS_EMBED_SWIFT_STANDARD_LIBRARIES = YES;
				CODE_SIGN_STYLE = Automatic;
				CURRENT_PROJECT_VERSION = 1;
				DEVELOPMENT_TEAM = U9E7JWZWR9;
				GENERATE_INFOPLIST_FILE = YES;
				MARKETING_VERSION = 1.0;
				PRODUCT_BUNDLE_IDENTIFIER = "Peter-suwara.astronautsUITests";
				PRODUCT_NAME = "$(TARGET_NAME)";
				SWIFT_EMIT_LOC_STRINGS = NO;
				SWIFT_VERSION = 5.0;
				TARGETED_DEVICE_FAMILY = "1,2";
				TEST_TARGET_NAME = astronauts;
			};
			name = Release;
		};
/* End XCBuildConfiguration section */

/* Begin XCConfigurationList section */
		1D7879A928EA63BD007F0F3B /* Build configuration list for PBXProject "astronauts" */ = {
			isa = XCConfigurationList;
			buildConfigurations = (
				1D7879D628EA63BE007F0F3B /* Debug */,
				1D7879D728EA63BE007F0F3B /* Release */,
			);
			defaultConfigurationIsVisible = 0;
			defaultConfigurationName = Release;
		};
		1D7879D828EA63BE007F0F3B /* Build configuration list for PBXNativeTarget "astronauts" */ = {
			isa = XCConfigurationList;
			buildConfigurations = (
				1D7879D928EA63BE007F0F3B /* Debug */,
				1D7879DA28EA63BE007F0F3B /* Release */,
			);
			defaultConfigurationIsVisible = 0;
			defaultConfigurationName = Release;
		};
		1D7879DB28EA63BE007F0F3B /* Build configuration list for PBXNativeTarget "astronautsTests" */ = {
			isa = XCConfigurationList;
			buildConfigurations = (
				1D7879DC28EA63BE007F0F3B /* Debug */,
				1D7879DD28EA63BE007F0F3B /* Release */,
			);
			defaultConfigurationIsVisible = 0;
			defaultConfigurationName = Release;
		};
		1D7879DE28EA63BE007F0F3B /* Build configuration list for PBXNativeTarget "astronautsUITests" */ = {
			isa = XCConfigurationList;
			buildConfigurations = (
				1D7879DF28EA63BE007F0F3B /* Debug */,
				1D7879E028EA63BE007F0F3B /* Release */,
			);
			defaultConfigurationIsVisible = 0;
			defaultConfigurationName = Release;
		};
/* End XCConfigurationList section */

/* Begin XCRemoteSwiftPackageReference section */
		1D7879E128EA6410007F0F3B /* XCRemoteSwiftPackageReference "TinyConstraints" */ = {
			isa = XCRemoteSwiftPackageReference;
			repositoryURL = "https://github.com/roberthein/TinyConstraints.git";
			requirement = {
				kind = upToNextMajorVersion;
				minimumVersion = 4.0.0;
			};
		};
/* End XCRemoteSwiftPackageReference section */

/* Begin XCSwiftPackageProductDependency section */
		1D7879E228EA6410007F0F3B /* TinyConstraints */ = {
			isa = XCSwiftPackageProductDependency;
			package = 1D7879E128EA6410007F0F3B /* XCRemoteSwiftPackageReference "TinyConstraints" */;
			productName = TinyConstraints;
		};
/* End XCSwiftPackageProductDependency section */
	};
	rootObject = 1D7879A628EA63BD007F0F3B /* Project object */;
}
